// !$*UTF8*$!
{
	archiveVersion = 1;
	classes = {
	};
	objectVersion = 46;
	objects = {

/* Begin PBXBuildFile section */
		5F3A83171A0F622800CDE9E3 /* main.cpp in Sources */ = {isa = PBXBuildFile; fileRef = 5F3A83161A0F622800CDE9E3 /* main.cpp */; };
		5F3A832C1A0F627200CDE9E3 /* API.cpp in Sources */ = {isa = PBXBuildFile; fileRef = 5F3A831D1A0F627200CDE9E3 /* API.cpp */; };
		5F3A832D1A0F627200CDE9E3 /* Base.cpp in Sources */ = {isa = PBXBuildFile; fileRef = 5F3A831F1A0F627200CDE9E3 /* Base.cpp */; };
		5F3A832E1A0F627200CDE9E3 /* BPlusTree.cpp in Sources */ = {isa = PBXBuildFile; fileRef = 5F3A83221A0F627200CDE9E3 /* BPlusTree.cpp */; };
		5F3A832F1A0F627200CDE9E3 /* BufferManager.cpp in Sources */ = {isa = PBXBuildFile; fileRef = 5F3A83241A0F627200CDE9E3 /* BufferManager.cpp */; };
		5F3A83301A0F627200CDE9E3 /* IndexManager.cpp in Sources */ = {isa = PBXBuildFile; fileRef = 5F3A83271A0F627200CDE9E3 /* IndexManager.cpp */; };
		5F3A83311A0F627200CDE9E3 /* RecordManager.cpp in Sources */ = {isa = PBXBuildFile; fileRef = 5F3A83291A0F627200CDE9E3 /* RecordManager.cpp */; };
		5F73E7EC1A0F7F0B006094A7 /* CatalogManager.cpp in Sources */ = {isa = PBXBuildFile; fileRef = 5F73E7EA1A0F7F0B006094A7 /* CatalogManager.cpp */; };
		5FCF62671A0F72D400D7F845 /* Block.cpp in Sources */ = {isa = PBXBuildFile; fileRef = 5FCF62661A0F72D400D7F845 /* Block.cpp */; };
/* End PBXBuildFile section */

/* Begin PBXCopyFilesBuildPhase section */
		5F3A83111A0F622800CDE9E3 /* CopyFiles */ = {
			isa = PBXCopyFilesBuildPhase;
			buildActionMask = 2147483647;
			dstPath = /usr/share/man/man1/;
			dstSubfolderSpec = 0;
			files = (
			);
			runOnlyForDeploymentPostprocessing = 1;
		};
/* End PBXCopyFilesBuildPhase section */

/* Begin PBXFileReference section */
		5F3A83131A0F622800CDE9E3 /* miniSQL */ = {isa = PBXFileReference; explicitFileType = "compiled.mach-o.executable"; includeInIndex = 0; path = miniSQL; sourceTree = BUILT_PRODUCTS_DIR; };
		5F3A83161A0F622800CDE9E3 /* main.cpp */ = {isa = PBXFileReference; lastKnownFileType = sourcecode.cpp.cpp; path = main.cpp; sourceTree = "<group>"; };
		5F3A831D1A0F627200CDE9E3 /* API.cpp */ = {isa = PBXFileReference; fileEncoding = 4; lastKnownFileType = sourcecode.cpp.cpp; path = API.cpp; sourceTree = "<group>"; };
		5F3A831E1A0F627200CDE9E3 /* API.h */ = {isa = PBXFileReference; fileEncoding = 4; lastKnownFileType = sourcecode.c.h; path = API.h; sourceTree = "<group>"; };
		5F3A831F1A0F627200CDE9E3 /* Base.cpp */ = {isa = PBXFileReference; fileEncoding = 4; lastKnownFileType = sourcecode.cpp.cpp; path = Base.cpp; sourceTree = "<group>"; };
		5F3A83201A0F627200CDE9E3 /* Base.h */ = {isa = PBXFileReference; fileEncoding = 4; lastKnownFileType = sourcecode.c.h; path = Base.h; sourceTree = "<group>"; };
		5F3A83211A0F627200CDE9E3 /* Block.h */ = {isa = PBXFileReference; fileEncoding = 4; lastKnownFileType = sourcecode.c.h; path = Block.h; sourceTree = "<group>"; };
		5F3A83221A0F627200CDE9E3 /* BPlusTree.cpp */ = {isa = PBXFileReference; fileEncoding = 4; lastKnownFileType = sourcecode.cpp.cpp; path = BPlusTree.cpp; sourceTree = "<group>"; };
		5F3A83231A0F627200CDE9E3 /* BPlusTree.h */ = {isa = PBXFileReference; fileEncoding = 4; lastKnownFileType = sourcecode.c.h; path = BPlusTree.h; sourceTree = "<group>"; };
		5F3A83241A0F627200CDE9E3 /* BufferManager.cpp */ = {isa = PBXFileReference; fileEncoding = 4; lastKnownFileType = sourcecode.cpp.cpp; path = BufferManager.cpp; sourceTree = "<group>"; };
		5F3A83251A0F627200CDE9E3 /* BufferManager.h */ = {isa = PBXFileReference; fileEncoding = 4; lastKnownFileType = sourcecode.c.h; path = BufferManager.h; sourceTree = "<group>"; };
		5F3A83271A0F627200CDE9E3 /* IndexManager.cpp */ = {isa = PBXFileReference; fileEncoding = 4; lastKnownFileType = sourcecode.cpp.cpp; path = IndexManager.cpp; sourceTree = "<group>"; };
		5F3A83281A0F627200CDE9E3 /* IndexManager.h */ = {isa = PBXFileReference; fileEncoding = 4; lastKnownFileType = sourcecode.c.h; path = IndexManager.h; sourceTree = "<group>"; };
		5F3A83291A0F627200CDE9E3 /* RecordManager.cpp */ = {isa = PBXFileReference; fileEncoding = 4; lastKnownFileType = sourcecode.cpp.cpp; path = RecordManager.cpp; sourceTree = "<group>"; };
		5F3A832A1A0F627200CDE9E3 /* RecordManager.h */ = {isa = PBXFileReference; fileEncoding = 4; lastKnownFileType = sourcecode.c.h; path = RecordManager.h; sourceTree = "<group>"; };
		5F3A832B1A0F627200CDE9E3 /* sqlcommand.h */ = {isa = PBXFileReference; fileEncoding = 4; lastKnownFileType = sourcecode.c.h; path = sqlcommand.h; sourceTree = "<group>"; };
		5F73E7EA1A0F7F0B006094A7 /* CatalogManager.cpp */ = {isa = PBXFileReference; fileEncoding = 4; lastKnownFileType = sourcecode.cpp.cpp; path = CatalogManager.cpp; sourceTree = "<group>"; };
		5F73E7EB1A0F7F0B006094A7 /* CatalogManager.h */ = {isa = PBXFileReference; fileEncoding = 4; lastKnownFileType = sourcecode.c.h; path = CatalogManager.h; sourceTree = "<group>"; };
		5FCF62661A0F72D400D7F845 /* Block.cpp */ = {isa = PBXFileReference; fileEncoding = 4; lastKnownFileType = sourcecode.cpp.cpp; path = Block.cpp; sourceTree = "<group>"; };
/* End PBXFileReference section */

/* Begin PBXFrameworksBuildPhase section */
		5F3A83101A0F622800CDE9E3 /* Frameworks */ = {
			isa = PBXFrameworksBuildPhase;
			buildActionMask = 2147483647;
			files = (
			);
			runOnlyForDeploymentPostprocessing = 0;
		};
/* End PBXFrameworksBuildPhase section */

/* Begin PBXGroup section */
		5F3A830A1A0F622700CDE9E3 = {
			isa = PBXGroup;
			children = (
				5F3A83151A0F622800CDE9E3 /* miniSQL */,
				5F3A83141A0F622800CDE9E3 /* Products */,
			);
			sourceTree = "<group>";
		};
		5F3A83141A0F622800CDE9E3 /* Products */ = {
			isa = PBXGroup;
			children = (
				5F3A83131A0F622800CDE9E3 /* miniSQL */,
			);
			name = Products;
			sourceTree = "<group>";
		};
		5F3A83151A0F622800CDE9E3 /* miniSQL */ = {
			isa = PBXGroup;
			children = (
				5F3A83161A0F622800CDE9E3 /* main.cpp */,
				5F3A831F1A0F627200CDE9E3 /* Base.cpp */,
				5F3A83201A0F627200CDE9E3 /* Base.h */,
				5FCF62661A0F72D400D7F845 /* Block.cpp */,
				5F3A83211A0F627200CDE9E3 /* Block.h */,
				5F3A832B1A0F627200CDE9E3 /* sqlcommand.h */,
				5F3A831D1A0F627200CDE9E3 /* API.cpp */,
				5F3A831E1A0F627200CDE9E3 /* API.h */,
				5F3A83241A0F627200CDE9E3 /* BufferManager.cpp */,
				5F3A83251A0F627200CDE9E3 /* BufferManager.h */,
				5F73E7EA1A0F7F0B006094A7 /* CatalogManager.cpp */,
				5F73E7EB1A0F7F0B006094A7 /* CatalogManager.h */,
				5F3A83221A0F627200CDE9E3 /* BPlusTree.cpp */,
				5F3A83231A0F627200CDE9E3 /* BPlusTree.h */,
				5F3A83271A0F627200CDE9E3 /* IndexManager.cpp */,
				5F3A83281A0F627200CDE9E3 /* IndexManager.h */,
				5F3A83291A0F627200CDE9E3 /* RecordManager.cpp */,
				5F3A832A1A0F627200CDE9E3 /* RecordManager.h */,
			);
			path = miniSQL;
			sourceTree = "<group>";
		};
/* End PBXGroup section */

/* Begin PBXNativeTarget section */
		5F3A83121A0F622800CDE9E3 /* miniSQL */ = {
			isa = PBXNativeTarget;
			buildConfigurationList = 5F3A831A1A0F622800CDE9E3 /* Build configuration list for PBXNativeTarget "miniSQL" */;
			buildPhases = (
				5F3A830F1A0F622800CDE9E3 /* Sources */,
				5F3A83101A0F622800CDE9E3 /* Frameworks */,
				5F3A83111A0F622800CDE9E3 /* CopyFiles */,
			);
			buildRules = (
			);
			dependencies = (
			);
			name = miniSQL;
			productName = miniSQL;
			productReference = 5F3A83131A0F622800CDE9E3 /* miniSQL */;
			productType = "com.apple.product-type.tool";
		};
/* End PBXNativeTarget section */

/* Begin PBXProject section */
		5F3A830B1A0F622700CDE9E3 /* Project object */ = {
			isa = PBXProject;
			attributes = {
				LastUpgradeCheck = 0610;
				ORGANIZATIONNAME = "Jiaquan Yin";
				TargetAttributes = {
					5F3A83121A0F622800CDE9E3 = {
						CreatedOnToolsVersion = 6.1;
					};
				};
			};
			buildConfigurationList = 5F3A830E1A0F622700CDE9E3 /* Build configuration list for PBXProject "miniSQL" */;
			compatibilityVersion = "Xcode 3.2";
			developmentRegion = English;
			hasScannedForEncodings = 0;
			knownRegions = (
				en,
			);
			mainGroup = 5F3A830A1A0F622700CDE9E3;
			productRefGroup = 5F3A83141A0F622800CDE9E3 /* Products */;
			projectDirPath = "";
			projectRoot = "";
			targets = (
				5F3A83121A0F622800CDE9E3 /* miniSQL */,
			);
		};
/* End PBXProject section */

/* Begin PBXSourcesBuildPhase section */
		5F3A830F1A0F622800CDE9E3 /* Sources */ = {
			isa = PBXSourcesBuildPhase;
			buildActionMask = 2147483647;
			files = (
				5F3A83301A0F627200CDE9E3 /* IndexManager.cpp in Sources */,
				5F73E7EC1A0F7F0B006094A7 /* CatalogManager.cpp in Sources */,
				5F3A832E1A0F627200CDE9E3 /* BPlusTree.cpp in Sources */,
				5F3A83311A0F627200CDE9E3 /* RecordManager.cpp in Sources */,
				5F3A832F1A0F627200CDE9E3 /* BufferManager.cpp in Sources */,
				5F3A832D1A0F627200CDE9E3 /* Base.cpp in Sources */,
				5FCF62671A0F72D400D7F845 /* Block.cpp in Sources */,
				5F3A832C1A0F627200CDE9E3 /* API.cpp in Sources */,
				5F3A83171A0F622800CDE9E3 /* main.cpp in Sources */,
			);
			runOnlyForDeploymentPostprocessing = 0;
		};
/* End PBXSourcesBuildPhase section */

/* Begin XCBuildConfiguration section */
		5F3A83181A0F622800CDE9E3 /* Debug */ = {
			isa = XCBuildConfiguration;
			buildSettings = {
				ALWAYS_SEARCH_USER_PATHS = NO;
				CLANG_CXX_LANGUAGE_STANDARD = "gnu++0x";
				CLANG_CXX_LIBRARY = "libc++";
				CLANG_ENABLE_MODULES = YES;
				CLANG_ENABLE_OBJC_ARC = YES;
				CLANG_WARN_BOOL_CONVERSION = YES;
				CLANG_WARN_CONSTANT_CONVERSION = YES;
				CLANG_WARN_DIRECT_OBJC_ISA_USAGE = YES_ERROR;
				CLANG_WARN_EMPTY_BODY = YES;
				CLANG_WARN_ENUM_CONVERSION = YES;
				CLANG_WARN_INT_CONVERSION = YES;
				CLANG_WARN_OBJC_ROOT_CLASS = YES_ERROR;
				CLANG_WARN_UNREACHABLE_CODE = YES;
				CLANG_WARN__DUPLICATE_METHOD_MATCH = YES;
				COPY_PHASE_STRIP = NO;
				ENABLE_STRICT_OBJC_MSGSEND = YES;
				GCC_C_LANGUAGE_STANDARD = gnu99;
				GCC_DYNAMIC_NO_PIC = NO;
				GCC_OPTIMIZATION_LEVEL = 0;
				GCC_PREPROCESSOR_DEFINITIONS = (
					"DEBUG=1",
					"$(inherited)",
				);
				GCC_SYMBOLS_PRIVATE_EXTERN = NO;
				GCC_WARN_64_TO_32_BIT_CONVERSION = YES;
				GCC_WARN_ABOUT_RETURN_TYPE = YES_ERROR;
				GCC_WARN_UNDECLARED_SELECTOR = YES;
				GCC_WARN_UNINITIALIZED_AUTOS = YES_AGGRESSIVE;
				GCC_WARN_UNUSED_FUNCTION = YES;
				GCC_WARN_UNUSED_VARIABLE = YES;
				MACOSX_DEPLOYMENT_TARGET = 10.10;
				MTL_ENABLE_DEBUG_INFO = YES;
				ONLY_ACTIVE_ARCH = YES;
				SDKROOT = macosx;
			};
			name = Debug;
		};
		5F3A83191A0F622800CDE9E3 /* Release */ = {
			isa = XCBuildConfiguration;
			buildSettings = {
				ALWAYS_SEARCH_USER_PATHS = NO;
				CLANG_CXX_LANGUAGE_STANDARD = "gnu++0x";
				CLANG_CXX_LIBRARY = "libc++";
				CLANG_ENABLE_MODULES = YES;
				CLANG_ENABLE_OBJC_ARC = YES;
				CLANG_WARN_BOOL_CONVERSION = YES;
				CLANG_WARN_CONSTANT_CONVERSION = YES;
				CLANG_WARN_DIRECT_OBJC_ISA_USAGE = YES_ERROR;
				CLANG_WARN_EMPTY_BODY = YES;
				CLANG_WARN_ENUM_CONVERSION = YES;
				CLANG_WARN_INT_CONVERSION = YES;
				CLANG_WARN_OBJC_ROOT_CLASS = YES_ERROR;
				CLANG_WARN_UNREACHABLE_CODE = YES;
				CLANG_WARN__DUPLICATE_METHOD_MATCH = YES;
				COPY_PHASE_STRIP = YES;
				DEBUG_INFORMATION_FORMAT = "dwarf-with-dsym";
				ENABLE_NS_ASSERTIONS = NO;
				ENABLE_STRICT_OBJC_MSGSEND = YES;
				GCC_C_LANGUAGE_STANDARD = gnu99;
				GCC_WARN_64_TO_32_BIT_CONVERSION = YES;
				GCC_WARN_ABOUT_RETURN_TYPE = YES_ERROR;
				GCC_WARN_UNDECLARED_SELECTOR = YES;
				GCC_WARN_UNINITIALIZED_AUTOS = YES_AGGRESSIVE;
				GCC_WARN_UNUSED_FUNCTION = YES;
				GCC_WARN_UNUSED_VARIABLE = YES;
				MACOSX_DEPLOYMENT_TARGET = 10.10;
				MTL_ENABLE_DEBUG_INFO = NO;
				SDKROOT = macosx;
			};
			name = Release;
		};
		5F3A831B1A0F622800CDE9E3 /* Debug */ = {
			isa = XCBuildConfiguration;
			buildSettings = {
				PRODUCT_NAME = "$(TARGET_NAME)";
			};
			name = Debug;
		};
		5F3A831C1A0F622800CDE9E3 /* Release */ = {
			isa = XCBuildConfiguration;
			buildSettings = {
				PRODUCT_NAME = "$(TARGET_NAME)";
			};
			name = Release;
		};
/* End XCBuildConfiguration section */

/* Begin XCConfigurationList section */
		5F3A830E1A0F622700CDE9E3 /* Build configuration list for PBXProject "miniSQL" */ = {
			isa = XCConfigurationList;
			buildConfigurations = (
				5F3A83181A0F622800CDE9E3 /* Debug */,
				5F3A83191A0F622800CDE9E3 /* Release */,
			);
			defaultConfigurationIsVisible = 0;
			defaultConfigurationName = Release;
		};
		5F3A831A1A0F622800CDE9E3 /* Build configuration list for PBXNativeTarget "miniSQL" */ = {
			isa = XCConfigurationList;
			buildConfigurations = (
				5F3A831B1A0F622800CDE9E3 /* Debug */,
				5F3A831C1A0F622800CDE9E3 /* Release */,
			);
			defaultConfigurationIsVisible = 0;
			defaultConfigurationName = Release;
		};
/* End XCConfigurationList section */
	};
	rootObject = 5F3A830B1A0F622700CDE9E3 /* Project object */;
}
